
Microsoft Visual Studio Solution File, Format Version 12.00
# Visual Studio 15
VisualStudioVersion = 15.0.27130.2010
MinimumVisualStudioVersion = 10.0.40219.1
Project("{FAE04EC0-301F-11D3-BF4B-00C04F79EFBC}") = "DRPDrive", "PSDrive\DRPDrive.csproj", "{5FD47B7D-F522-427B-95D0-386A2D0DC3A8}"
EndProject
Project("{9092AA53-FB77-4645-B42D-1CCCA6BD08BD}") = "DRPServices", "DRPServices\DRPServices.njsproj", "{A2FCBE11-746E-4F1E-BED3-87FFA449C849}"
EndProject
Global
	GlobalSection(SolutionConfigurationPlatforms) = preSolution
		Debug|Any CPU = Debug|Any CPU
		Release|Any CPU = Release|Any CPU
	EndGlobalSection
	GlobalSection(ProjectConfigurationPlatforms) = postSolution
		{5FD47B7D-F522-427B-95D0-386A2D0DC3A8}.Debug|Any CPU.ActiveCfg = Debug|Any CPU
		{5FD47B7D-F522-427B-95D0-386A2D0DC3A8}.Debug|Any CPU.Build.0 = Debug|Any CPU
		{5FD47B7D-F522-427B-95D0-386A2D0DC3A8}.Release|Any CPU.ActiveCfg = Release|Any CPU
		{5FD47B7D-F522-427B-95D0-386A2D0DC3A8}.Release|Any CPU.Build.0 = Release|Any CPU
		{A2FCBE11-746E-4F1E-BED3-87FFA449C849}.Debug|Any CPU.ActiveCfg = Debug|Any CPU
		{A2FCBE11-746E-4F1E-BED3-87FFA449C849}.Debug|Any CPU.Build.0 = Debug|Any CPU
		{A2FCBE11-746E-4F1E-BED3-87FFA449C849}.Release|Any CPU.ActiveCfg = Release|Any CPU
		{A2FCBE11-746E-4F1E-BED3-87FFA449C849}.Release|Any CPU.Build.0 = Release|Any CPU
	EndGlobalSection
	GlobalSection(SolutionProperties) = preSolution
		HideSolutionNode = FALSE
	EndGlobalSection
	GlobalSection(ExtensibilityGlobals) = postSolution
		SolutionGuid = {DDCC5D21-95D2-410E-B32D-E879E3E6CF59}
	EndGlobalSection
EndGlobal
