{
  "name": "test-client",
  "version": "0.0.0",
  "lockfileVersion": 1,
  "requires": true,
  "dependencies": {
    "drp-endpoint": {
      "version": "file:../Libraries/drp-endpoint",
      "requires": {
        "ws": "6.1.2"
      },
      "dependencies": {
        "async-limiter": {
          "version": "1.0.0",
          "bundled": true
        },
        "ws": {
          "version": "6.1.2",
          "bundled": true,
          "requires": {
            "async-limiter": "1.0.0"
          }
        }
      }
    }
  }
}
