github.com/gorilla/websocket v1.5.1 h1:gmztn0JnHVt9JZquRuzLw3g4wouNVzKL15iLr/zn/QY=
github.com/gorilla/websocket v1.5.1/go.mod h1:x3kM2JMyaluk02fnUJpQuwD2dCS5NDG2ZHL0uE0tcaY=
github.com/mroth/weightedrand v1.0.0 h1:V8JeHChvl2MP1sAoXq4brElOcza+jxLkRuwvtQu8L3E=
github.com/mroth/weightedrand v1.0.0/go.mod h1:3p2SIcC8al1YMzGhAIoXD+r9olo/g/cdJgAD905gyNE=
golang.org/x/net v0.33.0 h1:74SYHlV8BIgHIFC/LrYkOGIwL19eTYXQ5wc6TBuO36I=
golang.org/x/net v0.33.0/go.mod h1:HXLR5J+9DxmrqMwG9qjGCxZ+zKXxBru04zlTvWlWuN4=
